
Microsoft Visual Studio Solution File, Format Version 12.00
# Visual Studio Version 17
VisualStudioVersion = 17.3.32819.101
MinimumVisualStudioVersion = 10.0.40219.1
Project("{FAE04EC0-301F-11D3-BF4B-00C04F79EFBC}") = "project", "project\project.csproj", "{8B3436C7-3C50-4CA7-B7AD-35728BEDA2F5}"
EndProject
Global
	GlobalSection(SolutionConfigurationPlatforms) = preSolution
		Debug|Any CPU = Debug|Any CPU
		Release|Any CPU = Release|Any CPU
	EndGlobalSection
	GlobalSection(ProjectConfigurationPlatforms) = postSolution
		{8B3436C7-3C50-4CA7-B7AD-35728BEDA2F5}.Debug|Any CPU.ActiveCfg = Debug|Any CPU
		{8B3436C7-3C50-4CA7-B7AD-35728BEDA2F5}.Debug|Any CPU.Build.0 = Debug|Any CPU
		{8B3436C7-3C50-4CA7-B7AD-35728BEDA2F5}.Release|Any CPU.ActiveCfg = Release|Any CPU
		{8B3436C7-3C50-4CA7-B7AD-35728BEDA2F5}.Release|Any CPU.Build.0 = Release|Any CPU
	EndGlobalSection
	GlobalSection(SolutionProperties) = preSolution
		HideSolutionNode = FALSE
	EndGlobalSection
	GlobalSection(ExtensibilityGlobals) = postSolution
		SolutionGuid = {1C74BAAF-E2F2-4FF0-BA23-6CD3E302FD26}
	EndGlobalSection
EndGlobal
